
Microsoft Visual Studio Solution File, Format Version 12.00
# Visual Studio Version 16
VisualStudioVersion = 16.0.32228.343
MinimumVisualStudioVersion = 10.0.40219.1
Project("{8BC9CEB8-8B4A-11D0-8D11-00A0C91BC942}") = "01_Tetris", "01_Tetris\01_Tetris.vcxproj", "{09B508ED-05CA-4305-ADA6-B176E9C300FE}"
EndProject
Global
	GlobalSection(SolutionConfigurationPlatforms) = preSolution
		Debug|x64 = Debug|x64
		Debug|x86 = Debug|x86
		Release|x64 = Release|x64
		Release|x86 = Release|x86
	EndGlobalSection
	GlobalSection(ProjectConfigurationPlatforms) = postSolution
		{09B508ED-05CA-4305-ADA6-B176E9C300FE}.Debug|x64.ActiveCfg = Debug|x64
		{09B508ED-05CA-4305-ADA6-B176E9C300FE}.Debug|x64.Build.0 = Debug|x64
		{09B508ED-05CA-4305-ADA6-B176E9C300FE}.Debug|x86.ActiveCfg = Debug|Win32
		{09B508ED-05CA-4305-ADA6-B176E9C300FE}.Debug|x86.Build.0 = Debug|Win32
		{09B508ED-05CA-4305-ADA6-B176E9C300FE}.Release|x64.ActiveCfg = Release|x64
		{09B508ED-05CA-4305-ADA6-B176E9C300FE}.Release|x64.Build.0 = Release|x64
		{09B508ED-05CA-4305-ADA6-B176E9C300FE}.Release|x86.ActiveCfg = Release|Win32
		{09B508ED-05CA-4305-ADA6-B176E9C300FE}.Release|x86.Build.0 = Release|Win32
	EndGlobalSection
	GlobalSection(SolutionProperties) = preSolution
		HideSolutionNode = FALSE
	EndGlobalSection
	GlobalSection(ExtensibilityGlobals) = postSolution
		SolutionGuid = {4C0C28A3-AC10-4871-8CBE-7CFE076DAAC9}
	EndGlobalSection
EndGlobal
